{
  "version": 4,
  "terraform_version": "1.5.0",
  "serial": 10,
  "lineage": "mock-lineage-id",
  "outputs": {},
  "resources": [
    {
      "mode": "managed",
      "type": "aws_ebs_volume",
      "name": "unused_data_volume",
      "provider": "provider[\"registry.terraform.io/hashicorp/aws\"]",
      "instances": [
        {
          "schema_version": 0,
          "attributes": {
            "arn": "arn:aws:ec2:us-east-1:123456789012:volume/vol-0123456789abcdef0",
            "availability_zone": "us-east-1a",
            "id": "vol-0123456789abcdef0",
            "size": 100,
            "type": "gp3",
            "tags": {
              "Name": "OrphanedDatabaseVolume"
            }
          }
        }
      ]
    },
    {
      "mode": "managed",
      "type": "aws_instance",
      "name": "overprovisioned_api",
      "provider": "provider[\"registry.terraform.io/hashicorp/aws\"]",
      "instances": [
        {
          "schema_version": 1,
          "attributes": {
            "arn": "arn:aws:ec2:us-east-1:123456789012:instance/i-0abc12345def67890",
            "availability_zone": "us-east-1a",
            "id": "i-0abc12345def67890",
            "instance_type": "t3.2xlarge",
            "tags": {
              "Name": "LegacyAPI_Instance"
            }
          }
        }
      ]
    }
  ]
}
