{
  "version": 4,
  "terraform_version": "1.6.0",
  "serial": 8,
  "lineage": "a1b2c3d4-e5f6-7890-abcd-ef1234567890",
  "outputs": {},
  "resources": [
    {
      "mode": "managed",
      "type": "aws_ebs_volume",
      "name": "unused_data_volume",
      "provider": "provider[\"registry.terraform.io/hashicorp/aws\"]",
      "instances": [
        {
          "schema_version": 0,
          "attributes": {
            "id": "vol-0123456789abcdef0",
            "arn": "arn:aws:ec2:us-east-1:123456789012:volume/vol-0123456789abcdef0",
            "availability_zone": "us-east-1a",
            "encrypted": false,
            "iops": 3000,
            "size": 100,
            "snapshot_id": "",
            "type": "gp3",
            "throughput": 125,
            "multi_attach_enabled": false,
            "tags": {
              "Name": "Production-Stale-Data"
            },
            "tags_all": {
              "Name": "Production-Stale-Data"
            }
          },
          "sensitive_attributes": []
        }
      ]
    },
    {
      "mode": "managed",
      "type": "aws_ebs_volume",
      "name": "legacy_backup_volume",
      "provider": "provider[\"registry.terraform.io/hashicorp/aws\"]",
      "instances": [
        {
          "schema_version": 0,
          "attributes": {
            "id": "vol-0a1b2c3d4e5f67890",
            "arn": "arn:aws:ec2:us-east-1:123456789012:volume/vol-0a1b2c3d4e5f67890",
            "availability_zone": "us-east-1b",
            "encrypted": false,
            "iops": 3000,
            "size": 200,
            "snapshot_id": "",
            "type": "gp3",
            "throughput": 125,
            "multi_attach_enabled": false,
            "tags": {
              "Name": "Legacy-Backup-Volume"
            },
            "tags_all": {
              "Name": "Legacy-Backup-Volume"
            }
          },
          "sensitive_attributes": []
        }
      ]
    },
    {
      "mode": "managed",
      "type": "aws_instance",
      "name": "overprovisioned_api",
      "provider": "provider[\"registry.terraform.io/hashicorp/aws\"]",
      "instances": [
        {
          "schema_version": 1,
          "attributes": {
            "id": "i-0abc12345def67890",
            "arn": "arn:aws:ec2:us-east-1:123456789012:instance/i-0abc12345def67890",
            "ami": "ami-0c55b159cbfafe1f0",
            "instance_type": "t3.2xlarge",
            "instance_state": "running",
            "availability_zone": "us-east-1a",
            "public_ip": "54.123.45.67",
            "private_ip": "10.0.1.100",
            "subnet_id": "subnet-00000000000000000",
            "vpc_security_group_ids": [
              "sg-00000000000000000"
            ],
            "key_name": "dev-key",
            "monitoring": false,
            "cpu_core_count": 4,
            "cpu_threads_per_core": 2,
            "tags": {
              "Environment": "Staging",
              "Project": "InternalAPI"
            },
            "tags_all": {
              "Environment": "Staging",
              "Project": "InternalAPI"
            }
          },
          "sensitive_attributes": []
        }
      ]
    },
    {
      "mode": "managed",
      "type": "aws_instance",
      "name": "zombie_worker",
      "provider": "provider[\"registry.terraform.io/hashicorp/aws\"]",
      "instances": [
        {
          "schema_version": 1,
          "attributes": {
            "id": "i-0fed98765cba43210",
            "arn": "arn:aws:ec2:us-east-1:123456789012:instance/i-0fed98765cba43210",
            "ami": "ami-0c55b159cbfafe1f0",
            "instance_type": "t3.2xlarge",
            "instance_state": "running",
            "availability_zone": "us-east-1b",
            "public_ip": "54.123.45.68",
            "private_ip": "10.0.1.101",
            "subnet_id": "subnet-00000000000000000",
            "vpc_security_group_ids": [
              "sg-00000000000000000"
            ],
            "key_name": "dev-key",
            "monitoring": false,
            "cpu_core_count": 4,
            "cpu_threads_per_core": 2,
            "tags": {
              "Environment": "Production",
              "Project": "BatchWorker"
            },
            "tags_all": {
              "Environment": "Production",
              "Project": "BatchWorker"
            }
          },
          "sensitive_attributes": []
        }
      ]
    },
    {
      "mode": "managed",
      "type": "aws_ebs_snapshot",
      "name": "orphaned_snapshot",
      "provider": "provider[\"registry.terraform.io/hashicorp/aws\"]",
      "instances": [
        {
          "schema_version": 0,
          "attributes": {
            "id": "snap-0123456789abcdef",
            "arn": "arn:aws:ec2:us-east-1:123456789012:snapshot/snap-0123456789abcdef",
            "volume_id": "vol-0000000000000dead",
            "volume_size": 100,
            "description": "Snapshot of deleted volume",
            "encrypted": false,
            "owner_id": "123456789012",
            "storage_tier": "standard",
            "tags": {
              "Name": "OrphanedSnapshot"
            },
            "tags_all": {
              "Name": "OrphanedSnapshot"
            }
          },
          "sensitive_attributes": []
        }
      ]
    },
    {
      "mode": "managed",
      "type": "aws_eip",
      "name": "unused_eip",
      "provider": "provider[\"registry.terraform.io/hashicorp/aws\"]",
      "instances": [
        {
          "schema_version": 0,
          "attributes": {
            "id": "eip-12345678",
            "arn": "arn:aws:ec2:us-east-1:123456789012:elastic-ip/eip-12345678",
            "allocation_id": "eipalloc-12345678",
            "association_id": "",
            "domain": "vpc",
            "instance": "",
            "network_interface": "",
            "public_ip": "203.0.113.42",
            "private_ip": "",
            "tags": {
              "Name": "Unassociated-EIP"
            },
            "tags_all": {
              "Name": "Unassociated-EIP"
            }
          },
          "sensitive_attributes": []
        }
      ]
    },
    {
      "mode": "managed",
      "type": "aws_nat_gateway",
      "name": "idle_nat",
      "provider": "provider[\"registry.terraform.io/hashicorp/aws\"]",
      "instances": [
        {
          "schema_version": 0,
          "attributes": {
            "id": "nat-0abcdef1234567890",
            "arn": "arn:aws:ec2:us-east-1:123456789012:natgateway/nat-0abcdef1234567890",
            "allocation_id": "eipalloc-00000000000000000",
            "connectivity_type": "public",
            "network_interface_id": "eni-00000000000000000",
            "private_ip": "10.0.1.50",
            "public_ip": "203.0.113.100",
            "subnet_id": "subnet-00000000000000000",
            "state": "available",
            "tags": {
              "Name": "Idle-NAT-Gateway"
            },
            "tags_all": {
              "Name": "Idle-NAT-Gateway"
            }
          },
          "sensitive_attributes": []
        }
      ]
    },
    {
      "mode": "managed",
      "type": "aws_lb",
      "name": "legacy_lb",
      "provider": "provider[\"registry.terraform.io/hashicorp/aws\"]",
      "instances": [
        {
          "schema_version": 0,
          "attributes": {
            "id": "lb-app-legacy-lb",
            "arn": "arn:aws:elasticloadbalancing:us-east-1:123456789012:loadbalancer/app/legacy-app-lb/50dc6c495c0c9188",
            "arn_suffix": "app/legacy-app-lb/50dc6c495c0c9188",
            "name": "legacy-app-lb",
            "internal": false,
            "load_balancer_type": "application",
            "dns_name": "legacy-app-lb-1234567890.us-east-1.elb.amazonaws.com",
            "zone_id": "Z35SXDOTRQ7X7K",
            "subnets": [
              "subnet-00000000000000000"
            ],
            "security_groups": [
              "sg-00000000000000000"
            ],
            "ip_address_type": "ipv4",
            "enable_deletion_protection": false,
            "idle_timeout": 60,
            "tags": {
              "Name": "Legacy-App-LB"
            },
            "tags_all": {
              "Name": "Legacy-App-LB"
            }
          },
          "sensitive_attributes": []
        }
      ]
    },
    {
      "mode": "managed",
      "type": "aws_iam_role",
      "name": "unused_admin_role",
      "provider": "provider[\"registry.terraform.io/hashicorp/aws\"]",
      "instances": [
        {
          "schema_version": 0,
          "attributes": {
            "id": "Legacy-Admin-Role",
            "arn": "arn:aws:iam::123456789012:role/Legacy-Admin-Role",
            "name": "Legacy-Admin-Role",
            "assume_role_policy": "{\"Version\":\"2012-10-17\",\"Statement\":[{\"Effect\":\"Allow\",\"Principal\":{\"Service\":\"ec2.amazonaws.com\"},\"Action\":\"sts:AssumeRole\"}]}",
            "tags": {
              "Name": "UnusedAdminRole"
            },
            "tags_all": {
              "Name": "UnusedAdminRole"
            }
          },
          "sensitive_attributes": []
        }
      ]
    }
  ],
  "check_results": null
}
